schema: '2.0'
stages:
  data_ingestion:
    cmd: python src/data/make_dataset.py
    deps:
    - path: data/external/student_placement_large.csv
      hash: md5
      md5: a80a0730b288e20d189397321d4e8e1d
      size: 12367
    - path: src/data/make_dataset.py
      hash: md5
      md5: e1e1c91e203178760e2ab6a0d345088b
      size: 1537
    outs:
    - path: data/interim/
      hash: md5
      md5: a53f71aadc0f4b934945814305373d44.dir
      size: 17276
      nfiles: 2
  feature_eng:
    cmd: python src/features/build_features.py
    deps:
    - path: data/interim/
      hash: md5
      md5: a53f71aadc0f4b934945814305373d44.dir
      size: 17276
      nfiles: 2
    - path: src/features/build_features.py
      hash: md5
      md5: 98daca693a0f94d305d94559495655d2
      size: 1788
    outs:
    - path: data/processed/
      hash: md5
      md5: ad12efb56fede0fa8b6c9fae756a2f1e.dir
      size: 21475
      nfiles: 2
  model_training:
    cmd: python src/models/train_model.py
    deps:
    - path: data/processed/
      hash: md5
      md5: ad12efb56fede0fa8b6c9fae756a2f1e.dir
      size: 21475
      nfiles: 2
    - path: src/models/train_model.py
      hash: md5
      md5: 90bff37c3ed2a065a8ec4dcd3a334c3e
      size: 1800
    params:
      params.yaml:
        model_training.n_estimator: 100
    outs:
    - path: models/model.pkl
      hash: md5
      md5: 8266bb21d7bba923bbd644bd309f52cf
      size: 2706678
  metrics:
    cmd: python src/models/predict_model.py
    deps:
    - path: data/processed/
      hash: md5
      md5: ad12efb56fede0fa8b6c9fae756a2f1e.dir
      size: 21475
      nfiles: 2
    - path: models/model.pkl
      hash: md5
      md5: 8266bb21d7bba923bbd644bd309f52cf
      size: 2706678
    - path: src/models/predict_model.py
      hash: md5
      md5: d874baf320b12de0952075e8f14c5d40
      size: 2359
    outs:
    - path: metrics.json
      hash: md5
      md5: 0aaa4f83629b5262c2a64a6ba4080125
      size: 112
